
Microsoft Visual Studio Solution File, Format Version 12.00
# Visual Studio Version 16
VisualStudioVersion = 16.0.29230.47
MinimumVisualStudioVersion = 10.0.40219.1
Project("{FAE04EC0-301F-11D3-BF4B-00C04F79EFBC}") = "SimpleWebApplication", "SimpleWebApplication\SimpleWebApplication.csproj", "{077501EB-635A-436C-A11E-9232F92C7FAF}"
EndProject
Global
	GlobalSection(SolutionConfigurationPlatforms) = preSolution
		Debug|Any CPU = Debug|Any CPU
		Release|Any CPU = Release|Any CPU
	EndGlobalSection
	GlobalSection(ProjectConfigurationPlatforms) = postSolution
		{077501EB-635A-436C-A11E-9232F92C7FAF}.Debug|Any CPU.ActiveCfg = Debug|Any CPU
		{077501EB-635A-436C-A11E-9232F92C7FAF}.Debug|Any CPU.Build.0 = Debug|Any CPU
		{077501EB-635A-436C-A11E-9232F92C7FAF}.Release|Any CPU.ActiveCfg = Release|Any CPU
		{077501EB-635A-436C-A11E-9232F92C7FAF}.Release|Any CPU.Build.0 = Release|Any CPU
	EndGlobalSection
	GlobalSection(SolutionProperties) = preSolution
		HideSolutionNode = FALSE
	EndGlobalSection
	GlobalSection(ExtensibilityGlobals) = postSolution
		SolutionGuid = {DF097EFD-A603-427C-BBD6-F83494E80508}
	EndGlobalSection
EndGlobal
